
Microsoft Visual Studio Solution File, Format Version 12.00
# Visual Studio Version 17
VisualStudioVersion = 17.0.31903.59
MinimumVisualStudioVersion = 10.0.40219.1
Project("{FAE04EC0-301F-11D3-BF4B-00C04F79EFBC}") = "StringManipulation", "StringManipulation\StringManipulation.csproj", "{440E8332-7BFE-4514-8B71-4C1EC12FEA41}"
EndProject
Project("{FAE04EC0-301F-11D3-BF4B-00C04F79EFBC}") = "StringManipulationTest", "StringManipulationTest\StringManipulationTest.csproj", "{5A990869-76F6-4C90-BCF1-7AB1F394181D}"
EndProject
Global
	GlobalSection(SolutionConfigurationPlatforms) = preSolution
		Debug|Any CPU = Debug|Any CPU
		Release|Any CPU = Release|Any CPU
	EndGlobalSection
	GlobalSection(SolutionProperties) = preSolution
		HideSolutionNode = FALSE
	EndGlobalSection
	GlobalSection(ProjectConfigurationPlatforms) = postSolution
		{440E8332-7BFE-4514-8B71-4C1EC12FEA41}.Debug|Any CPU.ActiveCfg = Debug|Any CPU
		{440E8332-7BFE-4514-8B71-4C1EC12FEA41}.Debug|Any CPU.Build.0 = Debug|Any CPU
		{440E8332-7BFE-4514-8B71-4C1EC12FEA41}.Release|Any CPU.ActiveCfg = Release|Any CPU
		{440E8332-7BFE-4514-8B71-4C1EC12FEA41}.Release|Any CPU.Build.0 = Release|Any CPU
		{5A990869-76F6-4C90-BCF1-7AB1F394181D}.Debug|Any CPU.ActiveCfg = Debug|Any CPU
		{5A990869-76F6-4C90-BCF1-7AB1F394181D}.Debug|Any CPU.Build.0 = Debug|Any CPU
		{5A990869-76F6-4C90-BCF1-7AB1F394181D}.Release|Any CPU.ActiveCfg = Release|Any CPU
		{5A990869-76F6-4C90-BCF1-7AB1F394181D}.Release|Any CPU.Build.0 = Release|Any CPU
	EndGlobalSection
EndGlobal
